// !$*UTF8*$!
{
	archiveVersion = 1;
	classes = {
	};
	objectVersion = 56;
	objects = {

/* Begin PBXBuildFile section */
		484058B72CDB35D1007CF00E /* ExSegmentedViewApp.swift in Sources */ = {isa = PBXBuildFile; fileRef = 484058B62CDB35D1007CF00E /* ExSegmentedViewApp.swift */; };
		484058BB2CDB35D3007CF00E /* Assets.xcassets in Resources */ = {isa = PBXBuildFile; fileRef = 484058BA2CDB35D3007CF00E /* Assets.xcassets */; };
		484058BE2CDB35D3007CF00E /* Preview Assets.xcassets in Resources */ = {isa = PBXBuildFile; fileRef = 484058BD2CDB35D3007CF00E /* Preview Assets.xcassets */; };
		484058C62CDB35E9007CF00E /* SegmentedFlexibleView.swift in Sources */ = {isa = PBXBuildFile; fileRef = 484058C42CDB35E9007CF00E /* SegmentedFlexibleView.swift */; };
		484058C72CDB35E9007CF00E /* SegmentedFixedView.swift in Sources */ = {isa = PBXBuildFile; fileRef = 484058C52CDB35E9007CF00E /* SegmentedFixedView.swift */; };
		484058C92CDB3609007CF00E /* ContentView.swift in Sources */ = {isa = PBXBuildFile; fileRef = 484058C82CDB3609007CF00E /* ContentView.swift */; };
		484058CC2CDB39A8007CF00E /* image_SegmentedFixedView.gif in Resources */ = {isa = PBXBuildFile; fileRef = 484058CA2CDB39A8007CF00E /* image_SegmentedFixedView.gif */; };
		484058CD2CDB39A8007CF00E /* image_SegmentedFlexibleView.gif in Resources */ = {isa = PBXBuildFile; fileRef = 484058CB2CDB39A8007CF00E /* image_SegmentedFlexibleView.gif */; };
/* End PBXBuildFile section */

/* Begin PBXFileReference section */
		484058B32CDB35D1007CF00E /* ExSegmentedView.app */ = {isa = PBXFileReference; explicitFileType = wrapper.application; includeInIndex = 0; path = ExSegmentedView.app; sourceTree = BUILT_PRODUCTS_DIR; };
		484058B62CDB35D1007CF00E /* ExSegmentedViewApp.swift */ = {isa = PBXFileReference; lastKnownFileType = sourcecode.swift; path = ExSegmentedViewApp.swift; sourceTree = "<group>"; };
		484058BA2CDB35D3007CF00E /* Assets.xcassets */ = {isa = PBXFileReference; lastKnownFileType = folder.assetcatalog; path = Assets.xcassets; sourceTree = "<group>"; };
		484058BD2CDB35D3007CF00E /* Preview Assets.xcassets */ = {isa = PBXFileReference; lastKnownFileType = folder.assetcatalog; path = "Preview Assets.xcassets"; sourceTree = "<group>"; };
		484058C42CDB35E9007CF00E /* SegmentedFlexibleView.swift */ = {isa = PBXFileReference; fileEncoding = 4; lastKnownFileType = sourcecode.swift; path = SegmentedFlexibleView.swift; sourceTree = "<group>"; };
		484058C52CDB35E9007CF00E /* SegmentedFixedView.swift */ = {isa = PBXFileReference; fileEncoding = 4; lastKnownFileType = sourcecode.swift; path = SegmentedFixedView.swift; sourceTree = "<group>"; };
		484058C82CDB3609007CF00E /* ContentView.swift */ = {isa = PBXFileReference; fileEncoding = 4; lastKnownFileType = sourcecode.swift; path = ContentView.swift; sourceTree = "<group>"; };
		484058CA2CDB39A8007CF00E /* image_SegmentedFixedView.gif */ = {isa = PBXFileReference; lastKnownFileType = image.gif; path = image_SegmentedFixedView.gif; sourceTree = "<group>"; };
		484058CB2CDB39A8007CF00E /* image_SegmentedFlexibleView.gif */ = {isa = PBXFileReference; lastKnownFileType = image.gif; path = image_SegmentedFlexibleView.gif; sourceTree = "<group>"; };
		484058CE2CDB39AD007CF00E /* README.md */ = {isa = PBXFileReference; lastKnownFileType = net.daringfireball.markdown; path = README.md; sourceTree = "<group>"; };
/* End PBXFileReference section */

/* Begin PBXFrameworksBuildPhase section */
		484058B02CDB35D1007CF00E /* Frameworks */ = {
			isa = PBXFrameworksBuildPhase;
			buildActionMask = 2147483647;
			files = (
			);
			runOnlyForDeploymentPostprocessing = 0;
		};
/* End PBXFrameworksBuildPhase section */

/* Begin PBXGroup section */
		484058AA2CDB35D1007CF00E = {
			isa = PBXGroup;
			children = (
				484058CE2CDB39AD007CF00E /* README.md */,
				484058CA2CDB39A8007CF00E /* image_SegmentedFixedView.gif */,
				484058CB2CDB39A8007CF00E /* image_SegmentedFlexibleView.gif */,
				484058B52CDB35D1007CF00E /* ExSegmentedView */,
				484058B42CDB35D1007CF00E /* Products */,
			);
			sourceTree = "<group>";
		};
		484058B42CDB35D1007CF00E /* Products */ = {
			isa = PBXGroup;
			children = (
				484058B32CDB35D1007CF00E /* ExSegmentedView.app */,
			);
			name = Products;
			sourceTree = "<group>";
		};
		484058B52CDB35D1007CF00E /* ExSegmentedView */ = {
			isa = PBXGroup;
			children = (
				484058B62CDB35D1007CF00E /* ExSegmentedViewApp.swift */,
				484058C82CDB3609007CF00E /* ContentView.swift */,
				484058C52CDB35E9007CF00E /* SegmentedFixedView.swift */,
				484058C42CDB35E9007CF00E /* SegmentedFlexibleView.swift */,
				484058BA2CDB35D3007CF00E /* Assets.xcassets */,
				484058BC2CDB35D3007CF00E /* Preview Content */,
			);
			path = ExSegmentedView;
			sourceTree = "<group>";
		};
		484058BC2CDB35D3007CF00E /* Preview Content */ = {
			isa = PBXGroup;
			children = (
				484058BD2CDB35D3007CF00E /* Preview Assets.xcassets */,
			);
			path = "Preview Content";
			sourceTree = "<group>";
		};
/* End PBXGroup section */

/* Begin PBXNativeTarget section */
		484058B22CDB35D1007CF00E /* ExSegmentedView */ = {
			isa = PBXNativeTarget;
			buildConfigurationList = 484058C12CDB35D3007CF00E /* Build configuration list for PBXNativeTarget "ExSegmentedView" */;
			buildPhases = (
				484058AF2CDB35D1007CF00E /* Sources */,
				484058B02CDB35D1007CF00E /* Frameworks */,
				484058B12CDB35D1007CF00E /* Resources */,
			);
			buildRules = (
			);
			dependencies = (
			);
			name = ExSegmentedView;
			productName = ExSegmentedView;
			productReference = 484058B32CDB35D1007CF00E /* ExSegmentedView.app */;
			productType = "com.apple.product-type.application";
		};
/* End PBXNativeTarget section */

/* Begin PBXProject section */
		484058AB2CDB35D1007CF00E /* Project object */ = {
			isa = PBXProject;
			attributes = {
				BuildIndependentTargetsInParallel = 1;
				LastSwiftUpdateCheck = 1540;
				LastUpgradeCheck = 1540;
				TargetAttributes = {
					484058B22CDB35D1007CF00E = {
						CreatedOnToolsVersion = 15.4;
					};
				};
			};
			buildConfigurationList = 484058AE2CDB35D1007CF00E /* Build configuration list for PBXProject "ExSegmentedView" */;
			compatibilityVersion = "Xcode 14.0";
			developmentRegion = en;
			hasScannedForEncodings = 0;
			knownRegions = (
				en,
				Base,
			);
			mainGroup = 484058AA2CDB35D1007CF00E;
			productRefGroup = 484058B42CDB35D1007CF00E /* Products */;
			projectDirPath = "";
			projectRoot = "";
			targets = (
				484058B22CDB35D1007CF00E /* ExSegmentedView */,
			);
		};
/* End PBXProject section */

/* Begin PBXResourcesBuildPhase section */
		484058B12CDB35D1007CF00E /* Resources */ = {
			isa = PBXResourcesBuildPhase;
			buildActionMask = 2147483647;
			files = (
				484058CC2CDB39A8007CF00E /* image_SegmentedFixedView.gif in Resources */,
				484058BE2CDB35D3007CF00E /* Preview Assets.xcassets in Resources */,
				484058BB2CDB35D3007CF00E /* Assets.xcassets in Resources */,
				484058CD2CDB39A8007CF00E /* image_SegmentedFlexibleView.gif in Resources */,
			);
			runOnlyForDeploymentPostprocessing = 0;
		};
/* End PBXResourcesBuildPhase section */

/* Begin PBXSourcesBuildPhase section */
		484058AF2CDB35D1007CF00E /* Sources */ = {
			isa = PBXSourcesBuildPhase;
			buildActionMask = 2147483647;
			files = (
				484058B72CDB35D1007CF00E /* ExSegmentedViewApp.swift in Sources */,
				484058C72CDB35E9007CF00E /* SegmentedFixedView.swift in Sources */,
				484058C92CDB3609007CF00E /* ContentView.swift in Sources */,
				484058C62CDB35E9007CF00E /* SegmentedFlexibleView.swift in Sources */,
			);
			runOnlyForDeploymentPostprocessing = 0;
		};
/* End PBXSourcesBuildPhase section */

/* Begin XCBuildConfiguration section */
		484058BF2CDB35D3007CF00E /* Debug */ = {
			isa = XCBuildConfiguration;
			buildSettings = {
				ALWAYS_SEARCH_USER_PATHS = NO;
				ASSETCATALOG_COMPILER_GENERATE_SWIFT_ASSET_SYMBOL_EXTENSIONS = YES;
				CLANG_ANALYZER_NONNULL = YES;
				CLANG_ANALYZER_NUMBER_OBJECT_CONVERSION = YES_AGGRESSIVE;
				CLANG_CXX_LANGUAGE_STANDARD = "gnu++20";
				CLANG_ENABLE_MODULES = YES;
				CLANG_ENABLE_OBJC_ARC = YES;
				CLANG_ENABLE_OBJC_WEAK = YES;
				CLANG_WARN_BLOCK_CAPTURE_AUTORELEASING = YES;
				CLANG_WARN_BOOL_CONVERSION = YES;
				CLANG_WARN_COMMA = YES;
				CLANG_WARN_CONSTANT_CONVERSION = YES;
				CLANG_WARN_DEPRECATED_OBJC_IMPLEMENTATIONS = YES;
				CLANG_WARN_DIRECT_OBJC_ISA_USAGE = YES_ERROR;
				CLANG_WARN_DOCUMENTATION_COMMENTS = YES;
				CLANG_WARN_EMPTY_BODY = YES;
				CLANG_WARN_ENUM_CONVERSION = YES;
				CLANG_WARN_INFINITE_RECURSION = YES;
				CLANG_WARN_INT_CONVERSION = YES;
				CLANG_WARN_NON_LITERAL_NULL_CONVERSION = YES;
				CLANG_WARN_OBJC_IMPLICIT_RETAIN_SELF = YES;
				CLANG_WARN_OBJC_LITERAL_CONVERSION = YES;
				CLANG_WARN_OBJC_ROOT_CLASS = YES_ERROR;
				CLANG_WARN_QUOTED_INCLUDE_IN_FRAMEWORK_HEADER = YES;
				CLANG_WARN_RANGE_LOOP_ANALYSIS = YES;
				CLANG_WARN_STRICT_PROTOTYPES = YES;
				CLANG_WARN_SUSPICIOUS_MOVE = YES;
				CLANG_WARN_UNGUARDED_AVAILABILITY = YES_AGGRESSIVE;
				CLANG_WARN_UNREACHABLE_CODE = YES;
				CLANG_WARN__DUPLICATE_METHOD_MATCH = YES;
				COPY_PHASE_STRIP = NO;
				DEBUG_INFORMATION_FORMAT = dwarf;
				ENABLE_STRICT_OBJC_MSGSEND = YES;
				ENABLE_TESTABILITY = YES;
				ENABLE_USER_SCRIPT_SANDBOXING = YES;
				GCC_C_LANGUAGE_STANDARD = gnu17;
				GCC_DYNAMIC_NO_PIC = NO;
				GCC_NO_COMMON_BLOCKS = YES;
				GCC_OPTIMIZATION_LEVEL = 0;
				GCC_PREPROCESSOR_DEFINITIONS = (
					"DEBUG=1",
					"$(inherited)",
				);
				GCC_WARN_64_TO_32_BIT_CONVERSION = YES;
				GCC_WARN_ABOUT_RETURN_TYPE = YES_ERROR;
				GCC_WARN_UNDECLARED_SELECTOR = YES;
				GCC_WARN_UNINITIALIZED_AUTOS = YES_AGGRESSIVE;
				GCC_WARN_UNUSED_FUNCTION = YES;
				GCC_WARN_UNUSED_VARIABLE = YES;
				IPHONEOS_DEPLOYMENT_TARGET = 17.5;
				LOCALIZATION_PREFERS_STRING_CATALOGS = YES;
				MTL_ENABLE_DEBUG_INFO = INCLUDE_SOURCE;
				MTL_FAST_MATH = YES;
				ONLY_ACTIVE_ARCH = YES;
				SDKROOT = iphoneos;
				SWIFT_ACTIVE_COMPILATION_CONDITIONS = "DEBUG $(inherited)";
				SWIFT_OPTIMIZATION_LEVEL = "-Onone";
			};
			name = Debug;
		};
		484058C02CDB35D3007CF00E /* Release */ = {
			isa = XCBuildConfiguration;
			buildSettings = {
				ALWAYS_SEARCH_USER_PATHS = NO;
				ASSETCATALOG_COMPILER_GENERATE_SWIFT_ASSET_SYMBOL_EXTENSIONS = YES;
				CLANG_ANALYZER_NONNULL = YES;
				CLANG_ANALYZER_NUMBER_OBJECT_CONVERSION = YES_AGGRESSIVE;
				CLANG_CXX_LANGUAGE_STANDARD = "gnu++20";
				CLANG_ENABLE_MODULES = YES;
				CLANG_ENABLE_OBJC_ARC = YES;
				CLANG_ENABLE_OBJC_WEAK = YES;
				CLANG_WARN_BLOCK_CAPTURE_AUTORELEASING = YES;
				CLANG_WARN_BOOL_CONVERSION = YES;
				CLANG_WARN_COMMA = YES;
				CLANG_WARN_CONSTANT_CONVERSION = YES;
				CLANG_WARN_DEPRECATED_OBJC_IMPLEMENTATIONS = YES;
				CLANG_WARN_DIRECT_OBJC_ISA_USAGE = YES_ERROR;
				CLANG_WARN_DOCUMENTATION_COMMENTS = YES;
				CLANG_WARN_EMPTY_BODY = YES;
				CLANG_WARN_ENUM_CONVERSION = YES;
				CLANG_WARN_INFINITE_RECURSION = YES;
				CLANG_WARN_INT_CONVERSION = YES;
				CLANG_WARN_NON_LITERAL_NULL_CONVERSION = YES;
				CLANG_WARN_OBJC_IMPLICIT_RETAIN_SELF = YES;
				CLANG_WARN_OBJC_LITERAL_CONVERSION = YES;
				CLANG_WARN_OBJC_ROOT_CLASS = YES_ERROR;
				CLANG_WARN_QUOTED_INCLUDE_IN_FRAMEWORK_HEADER = YES;
				CLANG_WARN_RANGE_LOOP_ANALYSIS = YES;
				CLANG_WARN_STRICT_PROTOTYPES = YES;
				CLANG_WARN_SUSPICIOUS_MOVE = YES;
				CLANG_WARN_UNGUARDED_AVAILABILITY = YES_AGGRESSIVE;
				CLANG_WARN_UNREACHABLE_CODE = YES;
				CLANG_WARN__DUPLICATE_METHOD_MATCH = YES;
				COPY_PHASE_STRIP = NO;
				DEBUG_INFORMATION_FORMAT = "dwarf-with-dsym";
				ENABLE_NS_ASSERTIONS = NO;
				ENABLE_STRICT_OBJC_MSGSEND = YES;
				ENABLE_USER_SCRIPT_SANDBOXING = YES;
				GCC_C_LANGUAGE_STANDARD = gnu17;
				GCC_NO_COMMON_BLOCKS = YES;
				GCC_WARN_64_TO_32_BIT_CONVERSION = YES;
				GCC_WARN_ABOUT_RETURN_TYPE = YES_ERROR;
				GCC_WARN_UNDECLARED_SELECTOR = YES;
				GCC_WARN_UNINITIALIZED_AUTOS = YES_AGGRESSIVE;
				GCC_WARN_UNUSED_FUNCTION = YES;
				GCC_WARN_UNUSED_VARIABLE = YES;
				IPHONEOS_DEPLOYMENT_TARGET = 17.5;
				LOCALIZATION_PREFERS_STRING_CATALOGS = YES;
				MTL_ENABLE_DEBUG_INFO = NO;
				MTL_FAST_MATH = YES;
				SDKROOT = iphoneos;
				SWIFT_COMPILATION_MODE = wholemodule;
				VALIDATE_PRODUCT = YES;
			};
			name = Release;
		};
		484058C22CDB35D3007CF00E /* Debug */ = {
			isa = XCBuildConfiguration;
			buildSettings = {
				ASSETCATALOG_COMPILER_APPICON_NAME = AppIcon;
				ASSETCATALOG_COMPILER_GLOBAL_ACCENT_COLOR_NAME = AccentColor;
				CODE_SIGN_STYLE = Automatic;
				CURRENT_PROJECT_VERSION = 1;
				DEVELOPMENT_ASSET_PATHS = "\"ExSegmentedView/Preview Content\"";
				DEVELOPMENT_TEAM = F2WQBJSV73;
				ENABLE_PREVIEWS = YES;
				GENERATE_INFOPLIST_FILE = YES;
				INFOPLIST_KEY_UIApplicationSceneManifest_Generation = YES;
				INFOPLIST_KEY_UIApplicationSupportsIndirectInputEvents = YES;
				INFOPLIST_KEY_UILaunchScreen_Generation = YES;
				INFOPLIST_KEY_UISupportedInterfaceOrientations_iPad = "UIInterfaceOrientationPortrait UIInterfaceOrientationPortraitUpsideDown UIInterfaceOrientationLandscapeLeft UIInterfaceOrientationLandscapeRight";
				INFOPLIST_KEY_UISupportedInterfaceOrientations_iPhone = "UIInterfaceOrientationPortrait UIInterfaceOrientationLandscapeLeft UIInterfaceOrientationLandscapeRight";
				LD_RUNPATH_SEARCH_PATHS = (
					"$(inherited)",
					"@executable_path/Frameworks",
				);
				MARKETING_VERSION = 1.0;
				PRODUCT_BUNDLE_IDENTIFIER = com.gonigon.ExSegmentedView;
				PRODUCT_NAME = "$(TARGET_NAME)";
				SWIFT_EMIT_LOC_STRINGS = YES;
				SWIFT_VERSION = 5.0;
				TARGETED_DEVICE_FAMILY = "1,2";
			};
			name = Debug;
		};
		484058C32CDB35D3007CF00E /* Release */ = {
			isa = XCBuildConfiguration;
			buildSettings = {
				ASSETCATALOG_COMPILER_APPICON_NAME = AppIcon;
				ASSETCATALOG_COMPILER_GLOBAL_ACCENT_COLOR_NAME = AccentColor;
				CODE_SIGN_STYLE = Automatic;
				CURRENT_PROJECT_VERSION = 1;
				DEVELOPMENT_ASSET_PATHS = "\"ExSegmentedView/Preview Content\"";
				DEVELOPMENT_TEAM = F2WQBJSV73;
				ENABLE_PREVIEWS = YES;
				GENERATE_INFOPLIST_FILE = YES;
				INFOPLIST_KEY_UIApplicationSceneManifest_Generation = YES;
				INFOPLIST_KEY_UIApplicationSupportsIndirectInputEvents = YES;
				INFOPLIST_KEY_UILaunchScreen_Generation = YES;
				INFOPLIST_KEY_UISupportedInterfaceOrientations_iPad = "UIInterfaceOrientationPortrait UIInterfaceOrientationPortraitUpsideDown UIInterfaceOrientationLandscapeLeft UIInterfaceOrientationLandscapeRight";
				INFOPLIST_KEY_UISupportedInterfaceOrientations_iPhone = "UIInterfaceOrientationPortrait UIInterfaceOrientationLandscapeLeft UIInterfaceOrientationLandscapeRight";
				LD_RUNPATH_SEARCH_PATHS = (
					"$(inherited)",
					"@executable_path/Frameworks",
				);
				MARKETING_VERSION = 1.0;
				PRODUCT_BUNDLE_IDENTIFIER = com.gonigon.ExSegmentedView;
				PRODUCT_NAME = "$(TARGET_NAME)";
				SWIFT_EMIT_LOC_STRINGS = YES;
				SWIFT_VERSION = 5.0;
				TARGETED_DEVICE_FAMILY = "1,2";
			};
			name = Release;
		};
/* End XCBuildConfiguration section */

/* Begin XCConfigurationList section */
		484058AE2CDB35D1007CF00E /* Build configuration list for PBXProject "ExSegmentedView" */ = {
			isa = XCConfigurationList;
			buildConfigurations = (
				484058BF2CDB35D3007CF00E /* Debug */,
				484058C02CDB35D3007CF00E /* Release */,
			);
			defaultConfigurationIsVisible = 0;
			defaultConfigurationName = Release;
		};
		484058C12CDB35D3007CF00E /* Build configuration list for PBXNativeTarget "ExSegmentedView" */ = {
			isa = XCConfigurationList;
			buildConfigurations = (
				484058C22CDB35D3007CF00E /* Debug */,
				484058C32CDB35D3007CF00E /* Release */,
			);
			defaultConfigurationIsVisible = 0;
			defaultConfigurationName = Release;
		};
/* End XCConfigurationList section */
	};
	rootObject = 484058AB2CDB35D1007CF00E /* Project object */;
}
